{
  "version": "5",
  "redirects": {
    "https://esm.sh/@supabase/phoenix@^0.4.2?target=denonext": "https://esm.sh/@supabase/phoenix@0.4.5?target=denonext",
    "https://esm.sh/iceberg-js@^0.8.1?target=denonext": "https://esm.sh/iceberg-js@0.8.1?target=denonext"
  },
  "remote": {
    "https://esm.sh/@supabase/auth-js@2.106.1/denonext/auth-js.mjs": "7167764d9d3590f3865de61dc7c64256cfc9d1f5de56a5c9d4b7ea5206484054",
    "https://esm.sh/@supabase/functions-js@2.106.1/denonext/functions-js.mjs": "85fb07538aaa092210b598b4d0c46077491e3f7ed4a39a3a00c019ede40bf0c0",
    "https://esm.sh/@supabase/phoenix@0.4.5/denonext/phoenix.mjs": "40bd2a70829cd847848baac58e635bacd83fd62188f6624b44e2c295341004eb",
    "https://esm.sh/@supabase/phoenix@0.4.5?target=denonext": "28b2760cf24e1117ed0644a665bfab1c60d132872fa95bcae4cc3fecc7499ee2",
    "https://esm.sh/@supabase/postgrest-js@2.106.1/denonext/postgrest-js.mjs": "66f34dbf9cf6d80b24d6da093871b972427bf2cd2e7e678d6787e768c7fff7fb",
    "https://esm.sh/@supabase/realtime-js@2.106.1/denonext/realtime-js.mjs": "9b04ca8b407d5467f336ff548975ba5654965104c24f08d89684357556fcec70",
    "https://esm.sh/@supabase/storage-js@2.106.1/denonext/storage-js.mjs": "ae2f3d671c578f618a994328012507b2ff8fda95db559963c36e06e233cf1e82",
    "https://esm.sh/@supabase/supabase-js@2.106.1": "1b378cc89620ed0bf3e646b946b593e75d8e8ac0e43a4e07db6b71516ca757ec",
    "https://esm.sh/@supabase/supabase-js@2.106.1/denonext/supabase-js.mjs": "77f6d2a20e78d4b9620c4ea6c694ae6103e4bb9e282b55236d3eab86ffce1a23",
    "https://esm.sh/iceberg-js@0.8.1/denonext/iceberg-js.mjs": "d839d81a2e3966500ca2cdd0c1cb458e9608bacfc91f7bb67a69b2e878dcdb4f",
    "https://esm.sh/iceberg-js@0.8.1?target=denonext": "58c849d7fe2bf4eca4a84eb501e83c161a7d8c34ca1bec15a962b3bec3062633",
    "https://esm.sh/tslib@2.8.1/denonext/tslib.mjs": "c38da5dd6da6281964435002ce204cd586634fe3bdfb24a0ee116f48cf3292e9"
  },
  "workspace": {
    "packageJson": {
      "dependencies": [
        "npm:@stripe/stripe-js@^9.6.0",
        "npm:@supabase/ssr@0.12.3",
        "npm:@supabase/supabase-js@^2.106.1",
        "npm:@tailwindcss/postcss@4",
        "npm:@testing-library/jest-dom@7",
        "npm:@testing-library/user-event@^14.6.1",
        "npm:@types/node@^26.1.1",
        "npm:@types/react-dom@^19.2.3",
        "npm:@types/react@^19.2.17",
        "npm:@vitest/coverage-v8@^4.1.10",
        "npm:clsx@^2.1.1",
        "npm:eslint-config-next@16.3.1",
        "npm:eslint@9",
        "npm:framer-motion@^12.39.0",
        "npm:jimp@^1.6.1",
        "npm:jsdom@^29.1.1",
        "npm:lucide-react@^1.16.0",
        "npm:next@16.3.1",
        "npm:posthog-js@^1.396.6",
        "npm:posthog-node@^5.39.4",
        "npm:react-dom@19.2.4",
        "npm:react@19.2.4",
        "npm:sonner@^2.0.7",
        "npm:stripe@^22.3.0",
        "npm:svix@^1.98.0",
        "npm:tailwind-merge@^3.6.0",
        "npm:tailwindcss@4",
        "npm:typescript@^6.0.3",
        "npm:vitest@^4.1.10"
      ]
    }
  }
}
